{
  "nodes": {
    "home-manager": {
      "inputs": {
        "nixpkgs": [
          "nixpkgs"
        ]
      },
      "locked": {
        "lastModified": 1766523168,
        "narHash": "sha256-ts3uHTbKCKybH1EegyBxKDDR9nhEPVQrC3OQj5ahEaA=",
        "owner": "gs-101",
        "repo": "home-manager",
        "rev": "e35e46ee24f16ea88c09a51587f7acf72e93defa",
        "type": "github"
      },
      "original": {
        "owner": "gs-101",
        "ref": "feat/non-nixos-gpu-shepherd-test",
        "repo": "home-manager",
        "type": "github"
      }
    },
    "nixpkgs": {
      "locked": {
        "lastModified": 1766309749,
        "narHash": "sha256-3xY8CZ4rSnQ0NqGhMKAy5vgC+2IVK0NoVEzDoOh4DA4=",
        "owner": "NixOS",
        "repo": "nixpkgs",
        "rev": "a6531044f6d0bef691ea18d4d4ce44d0daa6e816",
        "type": "github"
      },
      "original": {
        "id": "nixpkgs",
        "ref": "nixos-unstable",
        "type": "indirect"
      }
    },
    "root": {
      "inputs": {
        "home-manager": "home-manager",
        "nixpkgs": "nixpkgs"
      }
    }
  },
  "root": "root",
  "version": 7
}
